# This file is automatically @generated by Cargo.
# It is not intended for manual editing.
version = 3

[[package]]
name = "magnetite"
version = "0.1.0"
dependencies = [
 "quick-xml",
 "roxmltree",
 "serde",
 "serde_derive",
 "xmltree",
]

[[package]]
name = "memchr"
version = "2.7.2"
source = "registry+https://github.com/rust-lang/crates.io-index"
checksum = "6c8640c5d730cb13ebd907d8d04b52f55ac9a2eec55b440c8892f40d56c76c1d"

[[package]]
name = "proc-macro2"
version = "1.0.79"
source = "registry+https://github.com/rust-lang/crates.io-index"
checksum = "e835ff2298f5721608eb1a980ecaee1aef2c132bf95ecc026a11b7bf3c01c02e"
dependencies = [
 "unicode-ident",
]

[[package]]
name = "quick-xml"
version = "0.31.0"
source = "registry+https://github.com/rust-lang/crates.io-index"
checksum = "1004a344b30a54e2ee58d66a71b32d2db2feb0a31f9a2d302bf0536f15de2a33"
dependencies = [
 "memchr",
]

[[package]]
name = "quote"
version = "1.0.35"
source = "registry+https://github.com/rust-lang/crates.io-index"
checksum = "291ec9ab5efd934aaf503a6466c5d5251535d108ee747472c3977cc5acc868ef"
dependencies = [
 "proc-macro2",
]

[[package]]
name = "roxmltree"
version = "0.19.0"
source = "registry+https://github.com/rust-lang/crates.io-index"
checksum = "3cd14fd5e3b777a7422cca79358c57a8f6e3a703d9ac187448d0daf220c2407f"

[[package]]
name = "serde"
version = "1.0.197"
source = "registry+https://github.com/rust-lang/crates.io-index"
checksum = "3fb1c873e1b9b056a4dc4c0c198b24c3ffa059243875552b2bd0933b1aee4ce2"
dependencies = [
 "serde_derive",
]

[[package]]
name = "serde_derive"
version = "1.0.197"
source = "registry+https://github.com/rust-lang/crates.io-index"
checksum = "7eb0b34b42edc17f6b7cac84a52a1c5f0e1bb2227e997ca9011ea3dd34e8610b"
dependencies = [
 "proc-macro2",
 "quote",
 "syn",
]

[[package]]
name = "syn"
version = "2.0.55"
source = "registry+https://github.com/rust-lang/crates.io-index"
checksum = "002a1b3dbf967edfafc32655d0f377ab0bb7b994aa1d32c8cc7e9b8bf3ebb8f0"
dependencies = [
 "proc-macro2",
 "quote",
 "unicode-ident",
]

[[package]]
name = "unicode-ident"
version = "1.0.12"
source = "registry+https://github.com/rust-lang/crates.io-index"
checksum = "3354b9ac3fae1ff6755cb6db53683adb661634f67557942dea4facebec0fee4b"

[[package]]
name = "xml-rs"
version = "0.8.19"
source = "registry+https://github.com/rust-lang/crates.io-index"
checksum = "0fcb9cbac069e033553e8bb871be2fbdffcab578eb25bd0f7c508cedc6dcd75a"

[[package]]
name = "xmltree"
version = "0.10.3"
source = "registry+https://github.com/rust-lang/crates.io-index"
checksum = "d7d8a75eaf6557bb84a65ace8609883db44a29951042ada9b393151532e41fcb"
dependencies = [
 "xml-rs",
]
